
Microsoft Visual Studio Solution File, Format Version 12.00
# Visual Studio Version 16
Project("{2150E333-8FDC-42A3-9474-1A3956D46DE8}") = "CMakePredefinedTargets", "CMakePredefinedTargets", "{FA06848A-A346-3405-B8B1-1F2A9C5CB700}"
EndProject
Project("{2150E333-8FDC-42A3-9474-1A3956D46DE8}") = "GLFW3", "GLFW3", "{9A37A81B-78ED-3542-AE35-256B8E21F903}"
EndProject
Project("{8BC9CEB8-8B4A-11D0-8D11-00A0C91BC942}") = "ALL_BUILD", "ALL_BUILD.vcxproj", "{334F7E86-40EE-3128-BDE3-A07A016FCD84}"
	ProjectSection(ProjectDependencies) = postProject
		{70938D26-BE5E-363E-95B0-FAB6240E8880} = {70938D26-BE5E-363E-95B0-FAB6240E8880}
		{4192936C-55F2-3A15-A61E-72E7C91B10A8} = {4192936C-55F2-3A15-A61E-72E7C91B10A8}
		{F2DD60B6-F501-3E5E-9DA8-7B9B8BA3BE0B} = {F2DD60B6-F501-3E5E-9DA8-7B9B8BA3BE0B}
		{46777BE5-91C5-3636-A6CF-ECF215FB1F40} = {46777BE5-91C5-3636-A6CF-ECF215FB1F40}
		{FAAC4A4C-9AFE-3895-A232-DA133FF92834} = {FAAC4A4C-9AFE-3895-A232-DA133FF92834}
		{E5ECC90E-4684-38BA-89DE-D3B2FD01EDAD} = {E5ECC90E-4684-38BA-89DE-D3B2FD01EDAD}
	EndProjectSection
EndProject
Project("{8BC9CEB8-8B4A-11D0-8D11-00A0C91BC942}") = "INSTALL", "INSTALL.vcxproj", "{D66AA254-CFD3-3145-AD46-B354C7EFF7D1}"
	ProjectSection(ProjectDependencies) = postProject
		{334F7E86-40EE-3128-BDE3-A07A016FCD84} = {334F7E86-40EE-3128-BDE3-A07A016FCD84}
		{70938D26-BE5E-363E-95B0-FAB6240E8880} = {70938D26-BE5E-363E-95B0-FAB6240E8880}
	EndProjectSection
EndProject
Project("{8BC9CEB8-8B4A-11D0-8D11-00A0C91BC942}") = "PACKAGE", "PACKAGE.vcxproj", "{3BFD427E-BC6F-38C0-B470-C3F8B1C56B05}"
	ProjectSection(ProjectDependencies) = postProject
		{334F7E86-40EE-3128-BDE3-A07A016FCD84} = {334F7E86-40EE-3128-BDE3-A07A016FCD84}
		{70938D26-BE5E-363E-95B0-FAB6240E8880} = {70938D26-BE5E-363E-95B0-FAB6240E8880}
	EndProjectSection
EndProject
Project("{8BC9CEB8-8B4A-11D0-8D11-00A0C91BC942}") = "ZERO_CHECK", "ZERO_CHECK.vcxproj", "{70938D26-BE5E-363E-95B0-FAB6240E8880}"
	ProjectSection(ProjectDependencies) = postProject
	EndProjectSection
EndProject
Project("{8BC9CEB8-8B4A-11D0-8D11-00A0C91BC942}") = "flecs", "3rdParty\flecs\flecs.vcxproj", "{4192936C-55F2-3A15-A61E-72E7C91B10A8}"
	ProjectSection(ProjectDependencies) = postProject
		{70938D26-BE5E-363E-95B0-FAB6240E8880} = {70938D26-BE5E-363E-95B0-FAB6240E8880}
	EndProjectSection
EndProject
Project("{8BC9CEB8-8B4A-11D0-8D11-00A0C91BC942}") = "flecs_static", "3rdParty\flecs\flecs_static.vcxproj", "{F2DD60B6-F501-3E5E-9DA8-7B9B8BA3BE0B}"
	ProjectSection(ProjectDependencies) = postProject
		{70938D26-BE5E-363E-95B0-FAB6240E8880} = {70938D26-BE5E-363E-95B0-FAB6240E8880}
	EndProjectSection
EndProject
Project("{8BC9CEB8-8B4A-11D0-8D11-00A0C91BC942}") = "glfw", "3rdParty\raylib\raylib\external\glfw\src\glfw.vcxproj", "{46777BE5-91C5-3636-A6CF-ECF215FB1F40}"
	ProjectSection(ProjectDependencies) = postProject
		{70938D26-BE5E-363E-95B0-FAB6240E8880} = {70938D26-BE5E-363E-95B0-FAB6240E8880}
	EndProjectSection
EndProject
Project("{8BC9CEB8-8B4A-11D0-8D11-00A0C91BC942}") = "hw2", "w2\hw2.vcxproj", "{FAAC4A4C-9AFE-3895-A232-DA133FF92834}"
	ProjectSection(ProjectDependencies) = postProject
		{70938D26-BE5E-363E-95B0-FAB6240E8880} = {70938D26-BE5E-363E-95B0-FAB6240E8880}
		{4192936C-55F2-3A15-A61E-72E7C91B10A8} = {4192936C-55F2-3A15-A61E-72E7C91B10A8}
		{46777BE5-91C5-3636-A6CF-ECF215FB1F40} = {46777BE5-91C5-3636-A6CF-ECF215FB1F40}
		{E5ECC90E-4684-38BA-89DE-D3B2FD01EDAD} = {E5ECC90E-4684-38BA-89DE-D3B2FD01EDAD}
	EndProjectSection
EndProject
Project("{8BC9CEB8-8B4A-11D0-8D11-00A0C91BC942}") = "raylib", "3rdParty\raylib\raylib\raylib.vcxproj", "{E5ECC90E-4684-38BA-89DE-D3B2FD01EDAD}"
	ProjectSection(ProjectDependencies) = postProject
		{70938D26-BE5E-363E-95B0-FAB6240E8880} = {70938D26-BE5E-363E-95B0-FAB6240E8880}
		{46777BE5-91C5-3636-A6CF-ECF215FB1F40} = {46777BE5-91C5-3636-A6CF-ECF215FB1F40}
	EndProjectSection
EndProject
Project("{8BC9CEB8-8B4A-11D0-8D11-00A0C91BC942}") = "update_mappings", "3rdParty\raylib\raylib\external\glfw\src\update_mappings.vcxproj", "{C11E9794-B77B-3BB5-96FE-ADDB42AF4ABC}"
	ProjectSection(ProjectDependencies) = postProject
		{70938D26-BE5E-363E-95B0-FAB6240E8880} = {70938D26-BE5E-363E-95B0-FAB6240E8880}
	EndProjectSection
EndProject
Global
	GlobalSection(SolutionConfigurationPlatforms) = preSolution
		Debug|x64 = Debug|x64
		Release|x64 = Release|x64
		MinSizeRel|x64 = MinSizeRel|x64
		RelWithDebInfo|x64 = RelWithDebInfo|x64
	EndGlobalSection
	GlobalSection(ProjectConfigurationPlatforms) = postSolution
		{334F7E86-40EE-3128-BDE3-A07A016FCD84}.Debug|x64.ActiveCfg = Debug|x64
		{334F7E86-40EE-3128-BDE3-A07A016FCD84}.Debug|x64.Build.0 = Debug|x64
		{334F7E86-40EE-3128-BDE3-A07A016FCD84}.Release|x64.ActiveCfg = Release|x64
		{334F7E86-40EE-3128-BDE3-A07A016FCD84}.Release|x64.Build.0 = Release|x64
		{334F7E86-40EE-3128-BDE3-A07A016FCD84}.MinSizeRel|x64.ActiveCfg = MinSizeRel|x64
		{334F7E86-40EE-3128-BDE3-A07A016FCD84}.MinSizeRel|x64.Build.0 = MinSizeRel|x64
		{334F7E86-40EE-3128-BDE3-A07A016FCD84}.RelWithDebInfo|x64.ActiveCfg = RelWithDebInfo|x64
		{334F7E86-40EE-3128-BDE3-A07A016FCD84}.RelWithDebInfo|x64.Build.0 = RelWithDebInfo|x64
		{D66AA254-CFD3-3145-AD46-B354C7EFF7D1}.Debug|x64.ActiveCfg = Debug|x64
		{D66AA254-CFD3-3145-AD46-B354C7EFF7D1}.Release|x64.ActiveCfg = Release|x64
		{D66AA254-CFD3-3145-AD46-B354C7EFF7D1}.MinSizeRel|x64.ActiveCfg = MinSizeRel|x64
		{D66AA254-CFD3-3145-AD46-B354C7EFF7D1}.RelWithDebInfo|x64.ActiveCfg = RelWithDebInfo|x64
		{3BFD427E-BC6F-38C0-B470-C3F8B1C56B05}.Debug|x64.ActiveCfg = Debug|x64
		{3BFD427E-BC6F-38C0-B470-C3F8B1C56B05}.Release|x64.ActiveCfg = Release|x64
		{3BFD427E-BC6F-38C0-B470-C3F8B1C56B05}.MinSizeRel|x64.ActiveCfg = MinSizeRel|x64
		{3BFD427E-BC6F-38C0-B470-C3F8B1C56B05}.RelWithDebInfo|x64.ActiveCfg = RelWithDebInfo|x64
		{70938D26-BE5E-363E-95B0-FAB6240E8880}.Debug|x64.ActiveCfg = Debug|x64
		{70938D26-BE5E-363E-95B0-FAB6240E8880}.Debug|x64.Build.0 = Debug|x64
		{70938D26-BE5E-363E-95B0-FAB6240E8880}.Release|x64.ActiveCfg = Release|x64
		{70938D26-BE5E-363E-95B0-FAB6240E8880}.Release|x64.Build.0 = Release|x64
		{70938D26-BE5E-363E-95B0-FAB6240E8880}.MinSizeRel|x64.ActiveCfg = MinSizeRel|x64
		{70938D26-BE5E-363E-95B0-FAB6240E8880}.MinSizeRel|x64.Build.0 = MinSizeRel|x64
		{70938D26-BE5E-363E-95B0-FAB6240E8880}.RelWithDebInfo|x64.ActiveCfg = RelWithDebInfo|x64
		{70938D26-BE5E-363E-95B0-FAB6240E8880}.RelWithDebInfo|x64.Build.0 = RelWithDebInfo|x64
		{4192936C-55F2-3A15-A61E-72E7C91B10A8}.Debug|x64.ActiveCfg = Debug|x64
		{4192936C-55F2-3A15-A61E-72E7C91B10A8}.Debug|x64.Build.0 = Debug|x64
		{4192936C-55F2-3A15-A61E-72E7C91B10A8}.Release|x64.ActiveCfg = Release|x64
		{4192936C-55F2-3A15-A61E-72E7C91B10A8}.Release|x64.Build.0 = Release|x64
		{4192936C-55F2-3A15-A61E-72E7C91B10A8}.MinSizeRel|x64.ActiveCfg = MinSizeRel|x64
		{4192936C-55F2-3A15-A61E-72E7C91B10A8}.MinSizeRel|x64.Build.0 = MinSizeRel|x64
		{4192936C-55F2-3A15-A61E-72E7C91B10A8}.RelWithDebInfo|x64.ActiveCfg = RelWithDebInfo|x64
		{4192936C-55F2-3A15-A61E-72E7C91B10A8}.RelWithDebInfo|x64.Build.0 = RelWithDebInfo|x64
		{F2DD60B6-F501-3E5E-9DA8-7B9B8BA3BE0B}.Debug|x64.ActiveCfg = Debug|x64
		{F2DD60B6-F501-3E5E-9DA8-7B9B8BA3BE0B}.Debug|x64.Build.0 = Debug|x64
		{F2DD60B6-F501-3E5E-9DA8-7B9B8BA3BE0B}.Release|x64.ActiveCfg = Release|x64
		{F2DD60B6-F501-3E5E-9DA8-7B9B8BA3BE0B}.Release|x64.Build.0 = Release|x64
		{F2DD60B6-F501-3E5E-9DA8-7B9B8BA3BE0B}.MinSizeRel|x64.ActiveCfg = MinSizeRel|x64
		{F2DD60B6-F501-3E5E-9DA8-7B9B8BA3BE0B}.MinSizeRel|x64.Build.0 = MinSizeRel|x64
		{F2DD60B6-F501-3E5E-9DA8-7B9B8BA3BE0B}.RelWithDebInfo|x64.ActiveCfg = RelWithDebInfo|x64
		{F2DD60B6-F501-3E5E-9DA8-7B9B8BA3BE0B}.RelWithDebInfo|x64.Build.0 = RelWithDebInfo|x64
		{46777BE5-91C5-3636-A6CF-ECF215FB1F40}.Debug|x64.ActiveCfg = Debug|x64
		{46777BE5-91C5-3636-A6CF-ECF215FB1F40}.Debug|x64.Build.0 = Debug|x64
		{46777BE5-91C5-3636-A6CF-ECF215FB1F40}.Release|x64.ActiveCfg = Release|x64
		{46777BE5-91C5-3636-A6CF-ECF215FB1F40}.Release|x64.Build.0 = Release|x64
		{46777BE5-91C5-3636-A6CF-ECF215FB1F40}.MinSizeRel|x64.ActiveCfg = MinSizeRel|x64
		{46777BE5-91C5-3636-A6CF-ECF215FB1F40}.MinSizeRel|x64.Build.0 = MinSizeRel|x64
		{46777BE5-91C5-3636-A6CF-ECF215FB1F40}.RelWithDebInfo|x64.ActiveCfg = RelWithDebInfo|x64
		{46777BE5-91C5-3636-A6CF-ECF215FB1F40}.RelWithDebInfo|x64.Build.0 = RelWithDebInfo|x64
		{FAAC4A4C-9AFE-3895-A232-DA133FF92834}.Debug|x64.ActiveCfg = Debug|x64
		{FAAC4A4C-9AFE-3895-A232-DA133FF92834}.Debug|x64.Build.0 = Debug|x64
		{FAAC4A4C-9AFE-3895-A232-DA133FF92834}.Release|x64.ActiveCfg = Release|x64
		{FAAC4A4C-9AFE-3895-A232-DA133FF92834}.Release|x64.Build.0 = Release|x64
		{FAAC4A4C-9AFE-3895-A232-DA133FF92834}.MinSizeRel|x64.ActiveCfg = MinSizeRel|x64
		{FAAC4A4C-9AFE-3895-A232-DA133FF92834}.MinSizeRel|x64.Build.0 = MinSizeRel|x64
		{FAAC4A4C-9AFE-3895-A232-DA133FF92834}.RelWithDebInfo|x64.ActiveCfg = RelWithDebInfo|x64
		{FAAC4A4C-9AFE-3895-A232-DA133FF92834}.RelWithDebInfo|x64.Build.0 = RelWithDebInfo|x64
		{E5ECC90E-4684-38BA-89DE-D3B2FD01EDAD}.Debug|x64.ActiveCfg = Debug|x64
		{E5ECC90E-4684-38BA-89DE-D3B2FD01EDAD}.Debug|x64.Build.0 = Debug|x64
		{E5ECC90E-4684-38BA-89DE-D3B2FD01EDAD}.Release|x64.ActiveCfg = Release|x64
		{E5ECC90E-4684-38BA-89DE-D3B2FD01EDAD}.Release|x64.Build.0 = Release|x64
		{E5ECC90E-4684-38BA-89DE-D3B2FD01EDAD}.MinSizeRel|x64.ActiveCfg = MinSizeRel|x64
		{E5ECC90E-4684-38BA-89DE-D3B2FD01EDAD}.MinSizeRel|x64.Build.0 = MinSizeRel|x64
		{E5ECC90E-4684-38BA-89DE-D3B2FD01EDAD}.RelWithDebInfo|x64.ActiveCfg = RelWithDebInfo|x64
		{E5ECC90E-4684-38BA-89DE-D3B2FD01EDAD}.RelWithDebInfo|x64.Build.0 = RelWithDebInfo|x64
		{C11E9794-B77B-3BB5-96FE-ADDB42AF4ABC}.Debug|x64.ActiveCfg = Debug|x64
		{C11E9794-B77B-3BB5-96FE-ADDB42AF4ABC}.Release|x64.ActiveCfg = Release|x64
		{C11E9794-B77B-3BB5-96FE-ADDB42AF4ABC}.MinSizeRel|x64.ActiveCfg = MinSizeRel|x64
		{C11E9794-B77B-3BB5-96FE-ADDB42AF4ABC}.RelWithDebInfo|x64.ActiveCfg = RelWithDebInfo|x64
	EndGlobalSection
	GlobalSection(NestedProjects) = preSolution
		{334F7E86-40EE-3128-BDE3-A07A016FCD84} = {FA06848A-A346-3405-B8B1-1F2A9C5CB700}
		{D66AA254-CFD3-3145-AD46-B354C7EFF7D1} = {FA06848A-A346-3405-B8B1-1F2A9C5CB700}
		{3BFD427E-BC6F-38C0-B470-C3F8B1C56B05} = {FA06848A-A346-3405-B8B1-1F2A9C5CB700}
		{70938D26-BE5E-363E-95B0-FAB6240E8880} = {FA06848A-A346-3405-B8B1-1F2A9C5CB700}
		{46777BE5-91C5-3636-A6CF-ECF215FB1F40} = {9A37A81B-78ED-3542-AE35-256B8E21F903}
		{C11E9794-B77B-3BB5-96FE-ADDB42AF4ABC} = {9A37A81B-78ED-3542-AE35-256B8E21F903}
	EndGlobalSection
	GlobalSection(ExtensibilityGlobals) = postSolution
		SolutionGuid = {E3910288-83D0-3F45-8BCB-19D8F0A9479D}
	EndGlobalSection
	GlobalSection(ExtensibilityAddIns) = postSolution
	EndGlobalSection
EndGlobal
